{
  "name": "cht-tech-radar-contributors",
  "version": "2.0.0",
  "lockfileVersion": 3,
  "requires": true,
  "packages": {
    "": {
      "name": "cht-tech-radar-contributors",
      "version": "2.0.0",
      "license": "MIT",
      "dependencies": {
        "cht_technology_radar": "github:medic/cht-tech-radar-core#1.2.0"
      }
    },
    "node_modules/cht_technology_radar": {
      "version": "2.0.0",
      "resolved": "git+ssh://git@github.com/medic/cht-tech-radar-core.git#d4e8b04575f5bffffeae775cfacc9362139778ba",
      "hasInstallScript": true,
      "bin": {
        "techradar": "bin/techradar.js"
      }
    }
  }
}
